<Solution>
  <Project Path="../CyberSecurityBot.Core/CyberSecurityBot.Core/CyberSecurityBot.Core.csproj" />
  <Project Path="../CyberSecurityBotSolution/CyberSecurityBot.GUI/CyberSecurityBot.GUI.csproj" />
  <Project Path="../CyberSecurityBotSolution/CyberSecurityBot.Part3/CyberSecurityBot.Part3.csproj" Id="77c333a1-523a-4b58-8fec-596c40079e0b" />
  <Project Path="CyberSecurityBot/CyberSecurityBot.csproj" />
</Solution>
